// !$*UTF8*$!
{
	archiveVersion = 1;
	classes = {
	};
	objectVersion = 46;
	objects = {

/* Begin PBXBuildFile section */
		831BA7921E25ACCE00823D47 /* BBTestFrameworkWithTests.framework in Frameworks */ = {isa = PBXBuildFile; fileRef = 831BA7881E25ACCE00823D47 /* BBTestFrameworkWithTests.framework */; };
		831BA7971E25ACCE00823D47 /* BBTestFrameworkWithTestsTests.swift in Sources */ = {isa = PBXBuildFile; fileRef = 831BA7961E25ACCE00823D47 /* BBTestFrameworkWithTestsTests.swift */; };
		831BA7991E25ACCE00823D47 /* BBTestFrameworkWithTests.h in Headers */ = {isa = PBXBuildFile; fileRef = 831BA78B1E25ACCE00823D47 /* BBTestFrameworkWithTests.h */; settings = {ATTRIBUTES = (Public, ); }; };
/* End PBXBuildFile section */

/* Begin PBXContainerItemProxy section */
		831BA7931E25ACCE00823D47 /* PBXContainerItemProxy */ = {
			isa = PBXContainerItemProxy;
			containerPortal = 831BA77F1E25ACCE00823D47 /* Project object */;
			proxyType = 1;
			remoteGlobalIDString = 831BA7871E25ACCE00823D47;
			remoteInfo = BBTestFrameworkWithTests;
		};
/* End PBXContainerItemProxy section */

/* Begin PBXFileReference section */
		831BA7881E25ACCE00823D47 /* BBTestFrameworkWithTests.framework */ = {isa = PBXFileReference; explicitFileType = wrapper.framework; includeInIndex = 0; path = BBTestFrameworkWithTests.framework; sourceTree = BUILT_PRODUCTS_DIR; };
		831BA78B1E25ACCE00823D47 /* BBTestFrameworkWithTests.h */ = {isa = PBXFileReference; lastKnownFileType = sourcecode.c.h; path = BBTestFrameworkWithTests.h; sourceTree = "<group>"; };
		831BA78C1E25ACCE00823D47 /* Info.plist */ = {isa = PBXFileReference; lastKnownFileType = text.plist.xml; path = Info.plist; sourceTree = "<group>"; };
		831BA7911E25ACCE00823D47 /* BBTestFrameworkWithTestsTests.xctest */ = {isa = PBXFileReference; explicitFileType = wrapper.cfbundle; includeInIndex = 0; path = BBTestFrameworkWithTestsTests.xctest; sourceTree = BUILT_PRODUCTS_DIR; };
		831BA7961E25ACCE00823D47 /* BBTestFrameworkWithTestsTests.swift */ = {isa = PBXFileReference; lastKnownFileType = sourcecode.swift; path = BBTestFrameworkWithTestsTests.swift; sourceTree = "<group>"; };
		831BA7981E25ACCE00823D47 /* Info.plist */ = {isa = PBXFileReference; lastKnownFileType = text.plist.xml; path = Info.plist; sourceTree = "<group>"; };
/* End PBXFileReference section */

/* Begin PBXFrameworksBuildPhase section */
		831BA7841E25ACCE00823D47 /* Frameworks */ = {
			isa = PBXFrameworksBuildPhase;
			buildActionMask = 2147483647;
			files = (
			);
			runOnlyForDeploymentPostprocessing = 0;
		};
		831BA78E1E25ACCE00823D47 /* Frameworks */ = {
			isa = PBXFrameworksBuildPhase;
			buildActionMask = 2147483647;
			files = (
				831BA7921E25ACCE00823D47 /* BBTestFrameworkWithTests.framework in Frameworks */,
			);
			runOnlyForDeploymentPostprocessing = 0;
		};
/* End PBXFrameworksBuildPhase section */

/* Begin PBXGroup section */
		831BA77E1E25ACCE00823D47 = {
			isa = PBXGroup;
			children = (
				831BA78A1E25ACCE00823D47 /* BBTestFrameworkWithTests */,
				831BA7951E25ACCE00823D47 /* BBTestFrameworkWithTestsTests */,
				831BA7891E25ACCE00823D47 /* Products */,
			);
			sourceTree = "<group>";
		};
		831BA7891E25ACCE00823D47 /* Products */ = {
			isa = PBXGroup;
			children = (
				831BA7881E25ACCE00823D47 /* BBTestFrameworkWithTests.framework */,
				831BA7911E25ACCE00823D47 /* BBTestFrameworkWithTestsTests.xctest */,
			);
			name = Products;
			sourceTree = "<group>";
		};
		831BA78A1E25ACCE00823D47 /* BBTestFrameworkWithTests */ = {
			isa = PBXGroup;
			children = (
				831BA78B1E25ACCE00823D47 /* BBTestFrameworkWithTests.h */,
				831BA78C1E25ACCE00823D47 /* Info.plist */,
			);
			path = BBTestFrameworkWithTests;
			sourceTree = "<group>";
		};
		831BA7951E25ACCE00823D47 /* BBTestFrameworkWithTestsTests */ = {
			isa = PBXGroup;
			children = (
				831BA7961E25ACCE00823D47 /* BBTestFrameworkWithTestsTests.swift */,
				831BA7981E25ACCE00823D47 /* Info.plist */,
			);
			path = BBTestFrameworkWithTestsTests;
			sourceTree = "<group>";
		};
/* End PBXGroup section */

/* Begin PBXHeadersBuildPhase section */
		831BA7851E25ACCE00823D47 /* Headers */ = {
			isa = PBXHeadersBuildPhase;
			buildActionMask = 2147483647;
			files = (
				831BA7991E25ACCE00823D47 /* BBTestFrameworkWithTests.h in Headers */,
			);
			runOnlyForDeploymentPostprocessing = 0;
		};
/* End PBXHeadersBuildPhase section */

/* Begin PBXNativeTarget section */
		831BA7871E25ACCE00823D47 /* BBTestFrameworkWithTests */ = {
			isa = PBXNativeTarget;
			buildConfigurationList = 831BA79C1E25ACCE00823D47 /* Build configuration list for PBXNativeTarget "BBTestFrameworkWithTests" */;
			buildPhases = (
				831BA7831E25ACCE00823D47 /* Sources */,
				831BA7841E25ACCE00823D47 /* Frameworks */,
				831BA7851E25ACCE00823D47 /* Headers */,
				831BA7861E25ACCE00823D47 /* Resources */,
			);
			buildRules = (
			);
			dependencies = (
			);
			name = BBTestFrameworkWithTests;
			productName = BBTestFrameworkWithTests;
			productReference = 831BA7881E25ACCE00823D47 /* BBTestFrameworkWithTests.framework */;
			productType = "com.apple.product-type.framework";
		};
		831BA7901E25ACCE00823D47 /* BBTestFrameworkWithTestsTests */ = {
			isa = PBXNativeTarget;
			buildConfigurationList = 831BA79F1E25ACCE00823D47 /* Build configuration list for PBXNativeTarget "BBTestFrameworkWithTestsTests" */;
			buildPhases = (
				831BA78D1E25ACCE00823D47 /* Sources */,
				831BA78E1E25ACCE00823D47 /* Frameworks */,
				831BA78F1E25ACCE00823D47 /* Resources */,
			);
			buildRules = (
			);
			dependencies = (
				831BA7941E25ACCE00823D47 /* PBXTargetDependency */,
			);
			name = BBTestFrameworkWithTestsTests;
			productName = BBTestFrameworkWithTestsTests;
			productReference = 831BA7911E25ACCE00823D47 /* BBTestFrameworkWithTestsTests.xctest */;
			productType = "com.apple.product-type.bundle.unit-test";
		};
/* End PBXNativeTarget section */

/* Begin PBXProject section */
		831BA77F1E25ACCE00823D47 /* Project object */ = {
			isa = PBXProject;
			attributes = {
				LastSwiftUpdateCheck = 0820;
				LastUpgradeCheck = 0820;
				ORGANIZATIONNAME = "Chris Stott";
				TargetAttributes = {
					831BA7871E25ACCE00823D47 = {
						CreatedOnToolsVersion = 8.2;
						DevelopmentTeam = L4FET847JL;
						ProvisioningStyle = Automatic;
					};
					831BA7901E25ACCE00823D47 = {
						CreatedOnToolsVersion = 8.2;
						DevelopmentTeam = L4FET847JL;
						ProvisioningStyle = Automatic;
					};
				};
			};
			buildConfigurationList = 831BA7821E25ACCE00823D47 /* Build configuration list for PBXProject "BBTestFrameworkWithTests" */;
			compatibilityVersion = "Xcode 3.2";
			developmentRegion = English;
			hasScannedForEncodings = 0;
			knownRegions = (
				en,
			);
			mainGroup = 831BA77E1E25ACCE00823D47;
			productRefGroup = 831BA7891E25ACCE00823D47 /* Products */;
			projectDirPath = "";
			projectRoot = "";
			targets = (
				831BA7871E25ACCE00823D47 /* BBTestFrameworkWithTests */,
				831BA7901E25ACCE00823D47 /* BBTestFrameworkWithTestsTests */,
			);
		};
/* End PBXProject section */

/* Begin PBXResourcesBuildPhase section */
		831BA7861E25ACCE00823D47 /* Resources */ = {
			isa = PBXResourcesBuildPhase;
			buildActionMask = 2147483647;
			files = (
			);
			runOnlyForDeploymentPostprocessing = 0;
		};
		831BA78F1E25ACCE00823D47 /* Resources */ = {
			isa = PBXResourcesBuildPhase;
			buildActionMask = 2147483647;
			files = (
			);
			runOnlyForDeploymentPostprocessing = 0;
		};
/* End PBXResourcesBuildPhase section */

/* Begin PBXSourcesBuildPhase section */
		831BA7831E25ACCE00823D47 /* Sources */ = {
			isa = PBXSourcesBuildPhase;
			buildActionMask = 2147483647;
			files = (
			);
			runOnlyForDeploymentPostprocessing = 0;
		};
		831BA78D1E25ACCE00823D47 /* Sources */ = {
			isa = PBXSourcesBuildPhase;
			buildActionMask = 2147483647;
			files = (
				831BA7971E25ACCE00823D47 /* BBTestFrameworkWithTestsTests.swift in Sources */,
			);
			runOnlyForDeploymentPostprocessing = 0;
		};
/* End PBXSourcesBuildPhase section */

/* Begin PBXTargetDependency section */
		831BA7941E25ACCE00823D47 /* PBXTargetDependency */ = {
			isa = PBXTargetDependency;
			target = 831BA7871E25ACCE00823D47 /* BBTestFrameworkWithTests */;
			targetProxy = 831BA7931E25ACCE00823D47 /* PBXContainerItemProxy */;
		};
/* End PBXTargetDependency section */

/* Begin XCBuildConfiguration section */
		831BA79A1E25ACCE00823D47 /* Debug */ = {
			isa = XCBuildConfiguration;
			buildSettings = {
				ALWAYS_SEARCH_USER_PATHS = NO;
				CLANG_ANALYZER_NONNULL = YES;
				CLANG_CXX_LANGUAGE_STANDARD = "gnu++0x";
				CLANG_CXX_LIBRARY = "libc++";
				CLANG_ENABLE_MODULES = YES;
				CLANG_ENABLE_OBJC_ARC = YES;
				CLANG_WARN_BOOL_CONVERSION = YES;
				CLANG_WARN_CONSTANT_CONVERSION = YES;
				CLANG_WARN_DIRECT_OBJC_ISA_USAGE = YES_ERROR;
				CLANG_WARN_DOCUMENTATION_COMMENTS = YES;
				CLANG_WARN_EMPTY_BODY = YES;
				CLANG_WARN_ENUM_CONVERSION = YES;
				CLANG_WARN_INFINITE_RECURSION = YES;
				CLANG_WARN_INT_CONVERSION = YES;
				CLANG_WARN_OBJC_ROOT_CLASS = YES_ERROR;
				CLANG_WARN_SUSPICIOUS_MOVE = YES;
				CLANG_WARN_UNREACHABLE_CODE = YES;
				CLANG_WARN__DUPLICATE_METHOD_MATCH = YES;
				"CODE_SIGN_IDENTITY[sdk=iphoneos*]" = "iPhone Developer";
				COPY_PHASE_STRIP = NO;
				CURRENT_PROJECT_VERSION = 1;
				DEBUG_INFORMATION_FORMAT = dwarf;
				ENABLE_STRICT_OBJC_MSGSEND = YES;
				ENABLE_TESTABILITY = YES;
				GCC_C_LANGUAGE_STANDARD = gnu99;
				GCC_DYNAMIC_NO_PIC = NO;
				GCC_NO_COMMON_BLOCKS = YES;
				GCC_OPTIMIZATION_LEVEL = 0;
				GCC_PREPROCESSOR_DEFINITIONS = (
					"DEBUG=1",
					"$(inherited)",
				);
				GCC_WARN_64_TO_32_BIT_CONVERSION = YES;
				GCC_WARN_ABOUT_RETURN_TYPE = YES_ERROR;
				GCC_WARN_UNDECLARED_SELECTOR = YES;
				GCC_WARN_UNINITIALIZED_AUTOS = YES_AGGRESSIVE;
				GCC_WARN_UNUSED_FUNCTION = YES;
				GCC_WARN_UNUSED_VARIABLE = YES;
				IPHONEOS_DEPLOYMENT_TARGET = 10.2;
				MTL_ENABLE_DEBUG_INFO = YES;
				ONLY_ACTIVE_ARCH = YES;
				SDKROOT = iphoneos;
				SWIFT_ACTIVE_COMPILATION_CONDITIONS = DEBUG;
				SWIFT_OPTIMIZATION_LEVEL = "-Onone";
				TARGETED_DEVICE_FAMILY = "1,2";
				VERSIONING_SYSTEM = "apple-generic";
				VERSION_INFO_PREFIX = "";
			};
			name = Debug;
		};
		831BA79B1E25ACCE00823D47 /* Release */ = {
			isa = XCBuildConfiguration;
			buildSettings = {
				ALWAYS_SEARCH_USER_PATHS = NO;
				CLANG_ANALYZER_NONNULL = YES;
				CLANG_CXX_LANGUAGE_STANDARD = "gnu++0x";
				CLANG_CXX_LIBRARY = "libc++";
				CLANG_ENABLE_MODULES = YES;
				CLANG_ENABLE_OBJC_ARC = YES;
				CLANG_WARN_BOOL_CONVERSION = YES;
				CLANG_WARN_CONSTANT_CONVERSION = YES;
				CLANG_WARN_DIRECT_OBJC_ISA_USAGE = YES_ERROR;
				CLANG_WARN_DOCUMENTATION_COMMENTS = YES;
				CLANG_WARN_EMPTY_BODY = YES;
				CLANG_WARN_ENUM_CONVERSION = YES;
				CLANG_WARN_INFINITE_RECURSION = YES;
				CLANG_WARN_INT_CONVERSION = YES;
				CLANG_WARN_OBJC_ROOT_CLASS = YES_ERROR;
				CLANG_WARN_SUSPICIOUS_MOVE = YES;
				CLANG_WARN_UNREACHABLE_CODE = YES;
				CLANG_WARN__DUPLICATE_METHOD_MATCH = YES;
				"CODE_SIGN_IDENTITY[sdk=iphoneos*]" = "iPhone Developer";
				COPY_PHASE_STRIP = NO;
				CURRENT_PROJECT_VERSION = 1;
				DEBUG_INFORMATION_FORMAT = "dwarf-with-dsym";
				ENABLE_NS_ASSERTIONS = NO;
				ENABLE_STRICT_OBJC_MSGSEND = YES;
				GCC_C_LANGUAGE_STANDARD = gnu99;
				GCC_NO_COMMON_BLOCKS = YES;
				GCC_WARN_64_TO_32_BIT_CONVERSION = YES;
				GCC_WARN_ABOUT_RETURN_TYPE = YES_ERROR;
				GCC_WARN_UNDECLARED_SELECTOR = YES;
				GCC_WARN_UNINITIALIZED_AUTOS = YES_AGGRESSIVE;
				GCC_WARN_UNUSED_FUNCTION = YES;
				GCC_WARN_UNUSED_VARIABLE = YES;
				IPHONEOS_DEPLOYMENT_TARGET = 10.2;
				MTL_ENABLE_DEBUG_INFO = NO;
				SDKROOT = iphoneos;
				SWIFT_OPTIMIZATION_LEVEL = "-Owholemodule";
				TARGETED_DEVICE_FAMILY = "1,2";
				VALIDATE_PRODUCT = YES;
				VERSIONING_SYSTEM = "apple-generic";
				VERSION_INFO_PREFIX = "";
			};
			name = Release;
		};
		831BA79D1E25ACCE00823D47 /* Debug */ = {
			isa = XCBuildConfiguration;
			buildSettings = {
				CODE_SIGN_IDENTITY = "";
				DEFINES_MODULE = YES;
				DEVELOPMENT_TEAM = L4FET847JL;
				DYLIB_COMPATIBILITY_VERSION = 1;
				DYLIB_CURRENT_VERSION = 1;
				DYLIB_INSTALL_NAME_BASE = "@rpath";
				INFOPLIST_FILE = BBTestFrameworkWithTests/Info.plist;
				INSTALL_PATH = "$(LOCAL_LIBRARY_DIR)/Frameworks";
				LD_RUNPATH_SEARCH_PATHS = "$(inherited) @executable_path/Frameworks @loader_path/Frameworks";
				PRODUCT_BUNDLE_IDENTIFIER = com.buddybuild.BBTestFrameworkWithTests;
				PRODUCT_NAME = "$(TARGET_NAME)";
				SKIP_INSTALL = YES;
				SWIFT_VERSION = 3.0;
			};
			name = Debug;
		};
		831BA79E1E25ACCE00823D47 /* Release */ = {
			isa = XCBuildConfiguration;
			buildSettings = {
				CODE_SIGN_IDENTITY = "";
				DEFINES_MODULE = YES;
				DEVELOPMENT_TEAM = L4FET847JL;
				DYLIB_COMPATIBILITY_VERSION = 1;
				DYLIB_CURRENT_VERSION = 1;
				DYLIB_INSTALL_NAME_BASE = "@rpath";
				INFOPLIST_FILE = BBTestFrameworkWithTests/Info.plist;
				INSTALL_PATH = "$(LOCAL_LIBRARY_DIR)/Frameworks";
				LD_RUNPATH_SEARCH_PATHS = "$(inherited) @executable_path/Frameworks @loader_path/Frameworks";
				PRODUCT_BUNDLE_IDENTIFIER = com.buddybuild.BBTestFrameworkWithTests;
				PRODUCT_NAME = "$(TARGET_NAME)";
				SKIP_INSTALL = YES;
				SWIFT_VERSION = 3.0;
			};
			name = Release;
		};
		831BA7A01E25ACCE00823D47 /* Debug */ = {
			isa = XCBuildConfiguration;
			buildSettings = {
				DEVELOPMENT_TEAM = L4FET847JL;
				INFOPLIST_FILE = BBTestFrameworkWithTestsTests/Info.plist;
				LD_RUNPATH_SEARCH_PATHS = "$(inherited) @executable_path/Frameworks @loader_path/Frameworks";
				PRODUCT_BUNDLE_IDENTIFIER = com.buddybuild.BBTestFrameworkWithTestsTests;
				PRODUCT_NAME = "$(TARGET_NAME)";
				SWIFT_VERSION = 3.0;
			};
			name = Debug;
		};
		831BA7A11E25ACCE00823D47 /* Release */ = {
			isa = XCBuildConfiguration;
			buildSettings = {
				DEVELOPMENT_TEAM = L4FET847JL;
				INFOPLIST_FILE = BBTestFrameworkWithTestsTests/Info.plist;
				LD_RUNPATH_SEARCH_PATHS = "$(inherited) @executable_path/Frameworks @loader_path/Frameworks";
				PRODUCT_BUNDLE_IDENTIFIER = com.buddybuild.BBTestFrameworkWithTestsTests;
				PRODUCT_NAME = "$(TARGET_NAME)";
				SWIFT_VERSION = 3.0;
			};
			name = Release;
		};
/* End XCBuildConfiguration section */

/* Begin XCConfigurationList section */
		831BA7821E25ACCE00823D47 /* Build configuration list for PBXProject "BBTestFrameworkWithTests" */ = {
			isa = XCConfigurationList;
			buildConfigurations = (
				831BA79A1E25ACCE00823D47 /* Debug */,
				831BA79B1E25ACCE00823D47 /* Release */,
			);
			defaultConfigurationIsVisible = 0;
			defaultConfigurationName = Release;
		};
		831BA79C1E25ACCE00823D47 /* Build configuration list for PBXNativeTarget "BBTestFrameworkWithTests" */ = {
			isa = XCConfigurationList;
			buildConfigurations = (
				831BA79D1E25ACCE00823D47 /* Debug */,
				831BA79E1E25ACCE00823D47 /* Release */,
			);
			defaultConfigurationIsVisible = 0;
		};
		831BA79F1E25ACCE00823D47 /* Build configuration list for PBXNativeTarget "BBTestFrameworkWithTestsTests" */ = {
			isa = XCConfigurationList;
			buildConfigurations = (
				831BA7A01E25ACCE00823D47 /* Debug */,
				831BA7A11E25ACCE00823D47 /* Release */,
			);
			defaultConfigurationIsVisible = 0;
		};
/* End XCConfigurationList section */
	};
	rootObject = 831BA77F1E25ACCE00823D47 /* Project object */;
}
